
Microsoft Visual Studio Solution File, Format Version 12.00
# Visual Studio Version 17
VisualStudioVersion = 17.2.32630.192
MinimumVisualStudioVersion = 10.0.40219.1
Project("{FAE04EC0-301F-11D3-BF4B-00C04F79EFBC}") = "csharp_variables", "csharp_variables.csproj", "{A0CCA54B-235D-4750-8609-0C9E1FD0AC0A}"
EndProject
Global
	GlobalSection(SolutionConfigurationPlatforms) = preSolution
		Debug|Any CPU = Debug|Any CPU
		Release|Any CPU = Release|Any CPU
	EndGlobalSection
	GlobalSection(ProjectConfigurationPlatforms) = postSolution
		{A0CCA54B-235D-4750-8609-0C9E1FD0AC0A}.Debug|Any CPU.ActiveCfg = Debug|Any CPU
		{A0CCA54B-235D-4750-8609-0C9E1FD0AC0A}.Debug|Any CPU.Build.0 = Debug|Any CPU
		{A0CCA54B-235D-4750-8609-0C9E1FD0AC0A}.Release|Any CPU.ActiveCfg = Release|Any CPU
		{A0CCA54B-235D-4750-8609-0C9E1FD0AC0A}.Release|Any CPU.Build.0 = Release|Any CPU
	EndGlobalSection
	GlobalSection(SolutionProperties) = preSolution
		HideSolutionNode = FALSE
	EndGlobalSection
	GlobalSection(ExtensibilityGlobals) = postSolution
		SolutionGuid = {B0CA6A07-A051-4745-BE68-19BB58F409F2}
	EndGlobalSection
EndGlobal
